
Microsoft Visual Studio Solution File, Format Version 12.00
# Visual Studio 15
VisualStudioVersion = 15.0.27703.2000
MinimumVisualStudioVersion = 10.0.40219.1
Project("{9A19103F-16F7-4668-BE54-9A1E7A4F7556}") = "Cache.Redis", "Cache.Redis\Cache.Redis.csproj", "{FD963DF1-72D9-432E-8BA1-7FBE9C25AF27}"
EndProject
Project("{9A19103F-16F7-4668-BE54-9A1E7A4F7556}") = "Cache.Memory", "Cache.Memcach\Cache.Memory.csproj", "{40CC35F4-58A3-4333-857C-E8D8EBFCB1EC}"
EndProject
Project("{9A19103F-16F7-4668-BE54-9A1E7A4F7556}") = "Cache.Infrastructure", "Cache.Infrastructure\Cache.Infrastructure.csproj", "{B915D232-D5E7-4317-8DAD-B6B2453E0964}"
EndProject
Project("{9A19103F-16F7-4668-BE54-9A1E7A4F7556}") = "Cache.Tools", "Cache.Tools\Cache.Tools.csproj", "{4FB54A9D-E310-4D1E-9576-4196C01AF91B}"
EndProject
Project("{FAE04EC0-301F-11D3-BF4B-00C04F79EFBC}") = "Cache.Dome", "Cache.Dome\Cache.Dome.csproj", "{F4E23236-F2AD-4F44-A46E-40113AD41F3B}"
EndProject
Global
	GlobalSection(SolutionConfigurationPlatforms) = preSolution
		Debug|Any CPU = Debug|Any CPU
		Release|Any CPU = Release|Any CPU
	EndGlobalSection
	GlobalSection(ProjectConfigurationPlatforms) = postSolution
		{FD963DF1-72D9-432E-8BA1-7FBE9C25AF27}.Debug|Any CPU.ActiveCfg = Debug|Any CPU
		{FD963DF1-72D9-432E-8BA1-7FBE9C25AF27}.Debug|Any CPU.Build.0 = Debug|Any CPU
		{FD963DF1-72D9-432E-8BA1-7FBE9C25AF27}.Release|Any CPU.ActiveCfg = Release|Any CPU
		{FD963DF1-72D9-432E-8BA1-7FBE9C25AF27}.Release|Any CPU.Build.0 = Release|Any CPU
		{40CC35F4-58A3-4333-857C-E8D8EBFCB1EC}.Debug|Any CPU.ActiveCfg = Debug|Any CPU
		{40CC35F4-58A3-4333-857C-E8D8EBFCB1EC}.Debug|Any CPU.Build.0 = Debug|Any CPU
		{40CC35F4-58A3-4333-857C-E8D8EBFCB1EC}.Release|Any CPU.ActiveCfg = Release|Any CPU
		{40CC35F4-58A3-4333-857C-E8D8EBFCB1EC}.Release|Any CPU.Build.0 = Release|Any CPU
		{B915D232-D5E7-4317-8DAD-B6B2453E0964}.Debug|Any CPU.ActiveCfg = Debug|Any CPU
		{B915D232-D5E7-4317-8DAD-B6B2453E0964}.Debug|Any CPU.Build.0 = Debug|Any CPU
		{B915D232-D5E7-4317-8DAD-B6B2453E0964}.Release|Any CPU.ActiveCfg = Release|Any CPU
		{B915D232-D5E7-4317-8DAD-B6B2453E0964}.Release|Any CPU.Build.0 = Release|Any CPU
		{4FB54A9D-E310-4D1E-9576-4196C01AF91B}.Debug|Any CPU.ActiveCfg = Debug|Any CPU
		{4FB54A9D-E310-4D1E-9576-4196C01AF91B}.Debug|Any CPU.Build.0 = Debug|Any CPU
		{4FB54A9D-E310-4D1E-9576-4196C01AF91B}.Release|Any CPU.ActiveCfg = Release|Any CPU
		{4FB54A9D-E310-4D1E-9576-4196C01AF91B}.Release|Any CPU.Build.0 = Release|Any CPU
		{F4E23236-F2AD-4F44-A46E-40113AD41F3B}.Debug|Any CPU.ActiveCfg = Debug|Any CPU
		{F4E23236-F2AD-4F44-A46E-40113AD41F3B}.Debug|Any CPU.Build.0 = Debug|Any CPU
		{F4E23236-F2AD-4F44-A46E-40113AD41F3B}.Release|Any CPU.ActiveCfg = Release|Any CPU
		{F4E23236-F2AD-4F44-A46E-40113AD41F3B}.Release|Any CPU.Build.0 = Release|Any CPU
	EndGlobalSection
	GlobalSection(SolutionProperties) = preSolution
		HideSolutionNode = FALSE
	EndGlobalSection
	GlobalSection(ExtensibilityGlobals) = postSolution
		SolutionGuid = {51CF420E-F700-4098-BAE2-1AB476C0C0B6}
	EndGlobalSection
EndGlobal
